// !$*UTF8*$!
{
	archiveVersion = 1;
	classes = {
	};
	objectVersion = 50;
	objects = {

/* Begin PBXBuildFile section */
		57CEF21D233650E9003299F3 /* Porygon.framework in Frameworks */ = {isa = PBXBuildFile; fileRef = 57CEF213233650E9003299F3 /* Porygon.framework */; };
		57CEF22E23365184003299F3 /* Endpoint.swift in Sources */ = {isa = PBXBuildFile; fileRef = 57CEF22D23365184003299F3 /* Endpoint.swift */; };
		57CEF233233651E4003299F3 /* HTTPStubURLProtocol.swift in Sources */ = {isa = PBXBuildFile; fileRef = 57CEF22F233651E4003299F3 /* HTTPStubURLProtocol.swift */; };
		57CEF234233651E4003299F3 /* URLSessionIntegrationTests.swift in Sources */ = {isa = PBXBuildFile; fileRef = 57CEF230233651E4003299F3 /* URLSessionIntegrationTests.swift */; };
		57CEF235233651E4003299F3 /* EndpointTests.swift in Sources */ = {isa = PBXBuildFile; fileRef = 57CEF231233651E4003299F3 /* EndpointTests.swift */; };
		57CEF236233651E4003299F3 /* TestFixtures.swift in Sources */ = {isa = PBXBuildFile; fileRef = 57CEF232233651E4003299F3 /* TestFixtures.swift */; };
/* End PBXBuildFile section */

/* Begin PBXContainerItemProxy section */
		57CEF21E233650E9003299F3 /* PBXContainerItemProxy */ = {
			isa = PBXContainerItemProxy;
			containerPortal = 57CEF20A233650E9003299F3 /* Project object */;
			proxyType = 1;
			remoteGlobalIDString = 57CEF212233650E9003299F3;
			remoteInfo = Porygon;
		};
/* End PBXContainerItemProxy section */

/* Begin PBXFileReference section */
		57CEF213233650E9003299F3 /* Porygon.framework */ = {isa = PBXFileReference; explicitFileType = wrapper.framework; includeInIndex = 0; path = Porygon.framework; sourceTree = BUILT_PRODUCTS_DIR; };
		57CEF217233650E9003299F3 /* Info.plist */ = {isa = PBXFileReference; lastKnownFileType = text.plist.xml; path = Info.plist; sourceTree = "<group>"; };
		57CEF21C233650E9003299F3 /* PorygonTests.xctest */ = {isa = PBXFileReference; explicitFileType = wrapper.cfbundle; includeInIndex = 0; path = PorygonTests.xctest; sourceTree = BUILT_PRODUCTS_DIR; };
		57CEF223233650E9003299F3 /* Info.plist */ = {isa = PBXFileReference; lastKnownFileType = text.plist.xml; path = Info.plist; sourceTree = "<group>"; };
		57CEF22D23365184003299F3 /* Endpoint.swift */ = {isa = PBXFileReference; lastKnownFileType = sourcecode.swift; path = Endpoint.swift; sourceTree = "<group>"; };
		57CEF22F233651E4003299F3 /* HTTPStubURLProtocol.swift */ = {isa = PBXFileReference; fileEncoding = 4; lastKnownFileType = sourcecode.swift; path = HTTPStubURLProtocol.swift; sourceTree = "<group>"; };
		57CEF230233651E4003299F3 /* URLSessionIntegrationTests.swift */ = {isa = PBXFileReference; fileEncoding = 4; lastKnownFileType = sourcecode.swift; path = URLSessionIntegrationTests.swift; sourceTree = "<group>"; };
		57CEF231233651E4003299F3 /* EndpointTests.swift */ = {isa = PBXFileReference; fileEncoding = 4; lastKnownFileType = sourcecode.swift; path = EndpointTests.swift; sourceTree = "<group>"; };
		57CEF232233651E4003299F3 /* TestFixtures.swift */ = {isa = PBXFileReference; fileEncoding = 4; lastKnownFileType = sourcecode.swift; path = TestFixtures.swift; sourceTree = "<group>"; };
		57CEF24123365878003299F3 /* Porygon iOS copy-Info.plist */ = {isa = PBXFileReference; lastKnownFileType = text.plist.xml; name = "Porygon iOS copy-Info.plist"; path = "/Users/rpowell/Code/Porygon/Porygon iOS copy-Info.plist"; sourceTree = "<absolute>"; };
/* End PBXFileReference section */

/* Begin PBXFrameworksBuildPhase section */
		57CEF210233650E9003299F3 /* Frameworks */ = {
			isa = PBXFrameworksBuildPhase;
			buildActionMask = 2147483647;
			files = (
			);
			runOnlyForDeploymentPostprocessing = 0;
		};
		57CEF219233650E9003299F3 /* Frameworks */ = {
			isa = PBXFrameworksBuildPhase;
			buildActionMask = 2147483647;
			files = (
				57CEF21D233650E9003299F3 /* Porygon.framework in Frameworks */,
			);
			runOnlyForDeploymentPostprocessing = 0;
		};
/* End PBXFrameworksBuildPhase section */

/* Begin PBXGroup section */
		57CEF209233650E9003299F3 = {
			isa = PBXGroup;
			children = (
				57CEF215233650E9003299F3 /* Porygon */,
				57CEF220233650E9003299F3 /* PorygonTests */,
				57CEF214233650E9003299F3 /* Products */,
				57CEF24123365878003299F3 /* Porygon iOS copy-Info.plist */,
			);
			sourceTree = "<group>";
		};
		57CEF214233650E9003299F3 /* Products */ = {
			isa = PBXGroup;
			children = (
				57CEF213233650E9003299F3 /* Porygon.framework */,
				57CEF21C233650E9003299F3 /* PorygonTests.xctest */,
			);
			name = Products;
			sourceTree = "<group>";
		};
		57CEF215233650E9003299F3 /* Porygon */ = {
			isa = PBXGroup;
			children = (
				57CEF217233650E9003299F3 /* Info.plist */,
				57CEF22D23365184003299F3 /* Endpoint.swift */,
			);
			path = Porygon;
			sourceTree = "<group>";
		};
		57CEF220233650E9003299F3 /* PorygonTests */ = {
			isa = PBXGroup;
			children = (
				57CEF231233651E4003299F3 /* EndpointTests.swift */,
				57CEF22F233651E4003299F3 /* HTTPStubURLProtocol.swift */,
				57CEF232233651E4003299F3 /* TestFixtures.swift */,
				57CEF230233651E4003299F3 /* URLSessionIntegrationTests.swift */,
				57CEF223233650E9003299F3 /* Info.plist */,
			);
			path = PorygonTests;
			sourceTree = "<group>";
		};
/* End PBXGroup section */

/* Begin PBXHeadersBuildPhase section */
		57CEF20E233650E9003299F3 /* Headers */ = {
			isa = PBXHeadersBuildPhase;
			buildActionMask = 2147483647;
			files = (
			);
			runOnlyForDeploymentPostprocessing = 0;
		};
/* End PBXHeadersBuildPhase section */

/* Begin PBXNativeTarget section */
		57CEF212233650E9003299F3 /* Porygon iOS */ = {
			isa = PBXNativeTarget;
			buildConfigurationList = 57CEF227233650E9003299F3 /* Build configuration list for PBXNativeTarget "Porygon iOS" */;
			buildPhases = (
				57CEF20E233650E9003299F3 /* Headers */,
				57CEF20F233650E9003299F3 /* Sources */,
				57CEF210233650E9003299F3 /* Frameworks */,
				57CEF211233650E9003299F3 /* Resources */,
			);
			buildRules = (
			);
			dependencies = (
			);
			name = "Porygon iOS";
			productName = Porygon;
			productReference = 57CEF213233650E9003299F3 /* Porygon.framework */;
			productType = "com.apple.product-type.framework";
		};
		57CEF21B233650E9003299F3 /* PorygonTests */ = {
			isa = PBXNativeTarget;
			buildConfigurationList = 57CEF22A233650E9003299F3 /* Build configuration list for PBXNativeTarget "PorygonTests" */;
			buildPhases = (
				57CEF218233650E9003299F3 /* Sources */,
				57CEF219233650E9003299F3 /* Frameworks */,
				57CEF21A233650E9003299F3 /* Resources */,
			);
			buildRules = (
			);
			dependencies = (
				57CEF21F233650E9003299F3 /* PBXTargetDependency */,
			);
			name = PorygonTests;
			productName = PorygonTests;
			productReference = 57CEF21C233650E9003299F3 /* PorygonTests.xctest */;
			productType = "com.apple.product-type.bundle.unit-test";
		};
/* End PBXNativeTarget section */

/* Begin PBXProject section */
		57CEF20A233650E9003299F3 /* Project object */ = {
			isa = PBXProject;
			attributes = {
				LastSwiftUpdateCheck = 1100;
				LastUpgradeCheck = 1100;
				ORGANIZATIONNAME = "Rhys Powell";
				TargetAttributes = {
					57CEF212233650E9003299F3 = {
						CreatedOnToolsVersion = 11.0;
						LastSwiftMigration = 1100;
					};
					57CEF21B233650E9003299F3 = {
						CreatedOnToolsVersion = 11.0;
					};
				};
			};
			buildConfigurationList = 57CEF20D233650E9003299F3 /* Build configuration list for PBXProject "Porygon" */;
			compatibilityVersion = "Xcode 9.3";
			developmentRegion = en;
			hasScannedForEncodings = 0;
			knownRegions = (
				en,
				Base,
			);
			mainGroup = 57CEF209233650E9003299F3;
			productRefGroup = 57CEF214233650E9003299F3 /* Products */;
			projectDirPath = "";
			projectRoot = "";
			targets = (
				57CEF212233650E9003299F3 /* Porygon iOS */,
				57CEF21B233650E9003299F3 /* PorygonTests */,
			);
		};
/* End PBXProject section */

/* Begin PBXResourcesBuildPhase section */
		57CEF211233650E9003299F3 /* Resources */ = {
			isa = PBXResourcesBuildPhase;
			buildActionMask = 2147483647;
			files = (
			);
			runOnlyForDeploymentPostprocessing = 0;
		};
		57CEF21A233650E9003299F3 /* Resources */ = {
			isa = PBXResourcesBuildPhase;
			buildActionMask = 2147483647;
			files = (
			);
			runOnlyForDeploymentPostprocessing = 0;
		};
/* End PBXResourcesBuildPhase section */

/* Begin PBXSourcesBuildPhase section */
		57CEF20F233650E9003299F3 /* Sources */ = {
			isa = PBXSourcesBuildPhase;
			buildActionMask = 2147483647;
			files = (
				57CEF22E23365184003299F3 /* Endpoint.swift in Sources */,
			);
			runOnlyForDeploymentPostprocessing = 0;
		};
		57CEF218233650E9003299F3 /* Sources */ = {
			isa = PBXSourcesBuildPhase;
			buildActionMask = 2147483647;
			files = (
				57CEF234233651E4003299F3 /* URLSessionIntegrationTests.swift in Sources */,
				57CEF235233651E4003299F3 /* EndpointTests.swift in Sources */,
				57CEF233233651E4003299F3 /* HTTPStubURLProtocol.swift in Sources */,
				57CEF236233651E4003299F3 /* TestFixtures.swift in Sources */,
			);
			runOnlyForDeploymentPostprocessing = 0;
		};
/* End PBXSourcesBuildPhase section */

/* Begin PBXTargetDependency section */
		57CEF21F233650E9003299F3 /* PBXTargetDependency */ = {
			isa = PBXTargetDependency;
			target = 57CEF212233650E9003299F3 /* Porygon iOS */;
			targetProxy = 57CEF21E233650E9003299F3 /* PBXContainerItemProxy */;
		};
/* End PBXTargetDependency section */

/* Begin XCBuildConfiguration section */
		57CEF225233650E9003299F3 /* Debug */ = {
			isa = XCBuildConfiguration;
			buildSettings = {
				ALWAYS_SEARCH_USER_PATHS = NO;
				CLANG_ANALYZER_NONNULL = YES;
				CLANG_ANALYZER_NUMBER_OBJECT_CONVERSION = YES_AGGRESSIVE;
				CLANG_CXX_LANGUAGE_STANDARD = "gnu++14";
				CLANG_CXX_LIBRARY = "libc++";
				CLANG_ENABLE_MODULES = YES;
				CLANG_ENABLE_OBJC_ARC = YES;
				CLANG_ENABLE_OBJC_WEAK = YES;
				CLANG_WARN_BLOCK_CAPTURE_AUTORELEASING = YES;
				CLANG_WARN_BOOL_CONVERSION = YES;
				CLANG_WARN_COMMA = YES;
				CLANG_WARN_CONSTANT_CONVERSION = YES;
				CLANG_WARN_DEPRECATED_OBJC_IMPLEMENTATIONS = YES;
				CLANG_WARN_DIRECT_OBJC_ISA_USAGE = YES_ERROR;
				CLANG_WARN_DOCUMENTATION_COMMENTS = YES;
				CLANG_WARN_EMPTY_BODY = YES;
				CLANG_WARN_ENUM_CONVERSION = YES;
				CLANG_WARN_INFINITE_RECURSION = YES;
				CLANG_WARN_INT_CONVERSION = YES;
				CLANG_WARN_NON_LITERAL_NULL_CONVERSION = YES;
				CLANG_WARN_OBJC_IMPLICIT_RETAIN_SELF = YES;
				CLANG_WARN_OBJC_LITERAL_CONVERSION = YES;
				CLANG_WARN_OBJC_ROOT_CLASS = YES_ERROR;
				CLANG_WARN_RANGE_LOOP_ANALYSIS = YES;
				CLANG_WARN_STRICT_PROTOTYPES = YES;
				CLANG_WARN_SUSPICIOUS_MOVE = YES;
				CLANG_WARN_UNGUARDED_AVAILABILITY = YES_AGGRESSIVE;
				CLANG_WARN_UNREACHABLE_CODE = YES;
				CLANG_WARN__DUPLICATE_METHOD_MATCH = YES;
				COPY_PHASE_STRIP = NO;
				CURRENT_PROJECT_VERSION = 1;
				DEBUG_INFORMATION_FORMAT = dwarf;
				ENABLE_STRICT_OBJC_MSGSEND = YES;
				ENABLE_TESTABILITY = YES;
				GCC_C_LANGUAGE_STANDARD = gnu11;
				GCC_DYNAMIC_NO_PIC = NO;
				GCC_NO_COMMON_BLOCKS = YES;
				GCC_OPTIMIZATION_LEVEL = 0;
				GCC_PREPROCESSOR_DEFINITIONS = (
					"DEBUG=1",
					"$(inherited)",
				);
				GCC_WARN_64_TO_32_BIT_CONVERSION = YES;
				GCC_WARN_ABOUT_RETURN_TYPE = YES_ERROR;
				GCC_WARN_UNDECLARED_SELECTOR = YES;
				GCC_WARN_UNINITIALIZED_AUTOS = YES_AGGRESSIVE;
				GCC_WARN_UNUSED_FUNCTION = YES;
				GCC_WARN_UNUSED_VARIABLE = YES;
				IPHONEOS_DEPLOYMENT_TARGET = 13.0;
				MTL_ENABLE_DEBUG_INFO = INCLUDE_SOURCE;
				MTL_FAST_MATH = YES;
				ONLY_ACTIVE_ARCH = YES;
				SDKROOT = iphoneos;
				SWIFT_ACTIVE_COMPILATION_CONDITIONS = DEBUG;
				SWIFT_OPTIMIZATION_LEVEL = "-Onone";
				VERSIONING_SYSTEM = "apple-generic";
				VERSION_INFO_PREFIX = "";
			};
			name = Debug;
		};
		57CEF226233650E9003299F3 /* Release */ = {
			isa = XCBuildConfiguration;
			buildSettings = {
				ALWAYS_SEARCH_USER_PATHS = NO;
				CLANG_ANALYZER_NONNULL = YES;
				CLANG_ANALYZER_NUMBER_OBJECT_CONVERSION = YES_AGGRESSIVE;
				CLANG_CXX_LANGUAGE_STANDARD = "gnu++14";
				CLANG_CXX_LIBRARY = "libc++";
				CLANG_ENABLE_MODULES = YES;
				CLANG_ENABLE_OBJC_ARC = YES;
				CLANG_ENABLE_OBJC_WEAK = YES;
				CLANG_WARN_BLOCK_CAPTURE_AUTORELEASING = YES;
				CLANG_WARN_BOOL_CONVERSION = YES;
				CLANG_WARN_COMMA = YES;
				CLANG_WARN_CONSTANT_CONVERSION = YES;
				CLANG_WARN_DEPRECATED_OBJC_IMPLEMENTATIONS = YES;
				CLANG_WARN_DIRECT_OBJC_ISA_USAGE = YES_ERROR;
				CLANG_WARN_DOCUMENTATION_COMMENTS = YES;
				CLANG_WARN_EMPTY_BODY = YES;
				CLANG_WARN_ENUM_CONVERSION = YES;
				CLANG_WARN_INFINITE_RECURSION = YES;
				CLANG_WARN_INT_CONVERSION = YES;
				CLANG_WARN_NON_LITERAL_NULL_CONVERSION = YES;
				CLANG_WARN_OBJC_IMPLICIT_RETAIN_SELF = YES;
				CLANG_WARN_OBJC_LITERAL_CONVERSION = YES;
				CLANG_WARN_OBJC_ROOT_CLASS = YES_ERROR;
				CLANG_WARN_RANGE_LOOP_ANALYSIS = YES;
				CLANG_WARN_STRICT_PROTOTYPES = YES;
				CLANG_WARN_SUSPICIOUS_MOVE = YES;
				CLANG_WARN_UNGUARDED_AVAILABILITY = YES_AGGRESSIVE;
				CLANG_WARN_UNREACHABLE_CODE = YES;
				CLANG_WARN__DUPLICATE_METHOD_MATCH = YES;
				COPY_PHASE_STRIP = NO;
				CURRENT_PROJECT_VERSION = 1;
				DEBUG_INFORMATION_FORMAT = "dwarf-with-dsym";
				ENABLE_NS_ASSERTIONS = NO;
				ENABLE_STRICT_OBJC_MSGSEND = YES;
				GCC_C_LANGUAGE_STANDARD = gnu11;
				GCC_NO_COMMON_BLOCKS = YES;
				GCC_WARN_64_TO_32_BIT_CONVERSION = YES;
				GCC_WARN_ABOUT_RETURN_TYPE = YES_ERROR;
				GCC_WARN_UNDECLARED_SELECTOR = YES;
				GCC_WARN_UNINITIALIZED_AUTOS = YES_AGGRESSIVE;
				GCC_WARN_UNUSED_FUNCTION = YES;
				GCC_WARN_UNUSED_VARIABLE = YES;
				IPHONEOS_DEPLOYMENT_TARGET = 13.0;
				MTL_ENABLE_DEBUG_INFO = NO;
				MTL_FAST_MATH = YES;
				SDKROOT = iphoneos;
				SWIFT_COMPILATION_MODE = wholemodule;
				SWIFT_OPTIMIZATION_LEVEL = "-O";
				VALIDATE_PRODUCT = YES;
				VERSIONING_SYSTEM = "apple-generic";
				VERSION_INFO_PREFIX = "";
			};
			name = Release;
		};
		57CEF228233650E9003299F3 /* Debug */ = {
			isa = XCBuildConfiguration;
			buildSettings = {
				APPLICATION_EXTENSION_API_ONLY = YES;
				BUILD_LIBRARY_FOR_DISTRIBUTION = YES;
				CLANG_ENABLE_MODULES = YES;
				CODE_SIGN_STYLE = Automatic;
				DEFINES_MODULE = YES;
				DEVELOPMENT_TEAM = 6752H6VL8N;
				DYLIB_COMPATIBILITY_VERSION = 1;
				DYLIB_CURRENT_VERSION = 1;
				DYLIB_INSTALL_NAME_BASE = "@rpath";
				INFOPLIST_FILE = Porygon/Info.plist;
				INSTALL_PATH = "$(LOCAL_LIBRARY_DIR)/Frameworks";
				IPHONEOS_DEPLOYMENT_TARGET = 13.0;
				LD_RUNPATH_SEARCH_PATHS = (
					"$(inherited)",
					"@executable_path/Frameworks",
					"@loader_path/Frameworks",
				);
				PRODUCT_BUNDLE_IDENTIFIER = com.rpowell.Porygon;
				PRODUCT_NAME = Porygon;
				SKIP_INSTALL = YES;
				SWIFT_INSTALL_OBJC_HEADER = NO;
				SWIFT_OPTIMIZATION_LEVEL = "-Onone";
				SWIFT_VERSION = 5.0;
				TARGETED_DEVICE_FAMILY = "1,2";
			};
			name = Debug;
		};
		57CEF229233650E9003299F3 /* Release */ = {
			isa = XCBuildConfiguration;
			buildSettings = {
				APPLICATION_EXTENSION_API_ONLY = YES;
				BUILD_LIBRARY_FOR_DISTRIBUTION = YES;
				CLANG_ENABLE_MODULES = YES;
				CODE_SIGN_STYLE = Automatic;
				DEFINES_MODULE = YES;
				DEVELOPMENT_TEAM = 6752H6VL8N;
				DYLIB_COMPATIBILITY_VERSION = 1;
				DYLIB_CURRENT_VERSION = 1;
				DYLIB_INSTALL_NAME_BASE = "@rpath";
				INFOPLIST_FILE = Porygon/Info.plist;
				INSTALL_PATH = "$(LOCAL_LIBRARY_DIR)/Frameworks";
				IPHONEOS_DEPLOYMENT_TARGET = 13.0;
				LD_RUNPATH_SEARCH_PATHS = (
					"$(inherited)",
					"@executable_path/Frameworks",
					"@loader_path/Frameworks",
				);
				PRODUCT_BUNDLE_IDENTIFIER = com.rpowell.Porygon;
				PRODUCT_NAME = Porygon;
				SKIP_INSTALL = YES;
				SWIFT_INSTALL_OBJC_HEADER = NO;
				SWIFT_VERSION = 5.0;
				TARGETED_DEVICE_FAMILY = "1,2";
			};
			name = Release;
		};
		57CEF22B233650E9003299F3 /* Debug */ = {
			isa = XCBuildConfiguration;
			buildSettings = {
				ALWAYS_EMBED_SWIFT_STANDARD_LIBRARIES = YES;
				CODE_SIGN_STYLE = Automatic;
				DEVELOPMENT_TEAM = 6752H6VL8N;
				INFOPLIST_FILE = PorygonTests/Info.plist;
				LD_RUNPATH_SEARCH_PATHS = (
					"$(inherited)",
					"@executable_path/Frameworks",
					"@loader_path/Frameworks",
				);
				PRODUCT_BUNDLE_IDENTIFIER = com.rpowell.PorygonTests;
				PRODUCT_NAME = "$(TARGET_NAME)";
				SWIFT_VERSION = 5.0;
				TARGETED_DEVICE_FAMILY = "1,2";
			};
			name = Debug;
		};
		57CEF22C233650E9003299F3 /* Release */ = {
			isa = XCBuildConfiguration;
			buildSettings = {
				ALWAYS_EMBED_SWIFT_STANDARD_LIBRARIES = YES;
				CODE_SIGN_STYLE = Automatic;
				DEVELOPMENT_TEAM = 6752H6VL8N;
				INFOPLIST_FILE = PorygonTests/Info.plist;
				LD_RUNPATH_SEARCH_PATHS = (
					"$(inherited)",
					"@executable_path/Frameworks",
					"@loader_path/Frameworks",
				);
				PRODUCT_BUNDLE_IDENTIFIER = com.rpowell.PorygonTests;
				PRODUCT_NAME = "$(TARGET_NAME)";
				SWIFT_VERSION = 5.0;
				TARGETED_DEVICE_FAMILY = "1,2";
			};
			name = Release;
		};
/* End XCBuildConfiguration section */

/* Begin XCConfigurationList section */
		57CEF20D233650E9003299F3 /* Build configuration list for PBXProject "Porygon" */ = {
			isa = XCConfigurationList;
			buildConfigurations = (
				57CEF225233650E9003299F3 /* Debug */,
				57CEF226233650E9003299F3 /* Release */,
			);
			defaultConfigurationIsVisible = 0;
			defaultConfigurationName = Release;
		};
		57CEF227233650E9003299F3 /* Build configuration list for PBXNativeTarget "Porygon iOS" */ = {
			isa = XCConfigurationList;
			buildConfigurations = (
				57CEF228233650E9003299F3 /* Debug */,
				57CEF229233650E9003299F3 /* Release */,
			);
			defaultConfigurationIsVisible = 0;
			defaultConfigurationName = Release;
		};
		57CEF22A233650E9003299F3 /* Build configuration list for PBXNativeTarget "PorygonTests" */ = {
			isa = XCConfigurationList;
			buildConfigurations = (
				57CEF22B233650E9003299F3 /* Debug */,
				57CEF22C233650E9003299F3 /* Release */,
			);
			defaultConfigurationIsVisible = 0;
			defaultConfigurationName = Release;
		};
/* End XCConfigurationList section */
	};
	rootObject = 57CEF20A233650E9003299F3 /* Project object */;
}
